{
  "projects": [
    {
      "projectId": "3m3vFk1dnCzZnwT8k489Jy",
      "version": "0.3.0",
      "dependencies": {},
      "lang": "ts",
      "fileLocks": [
        {
          "assetId": "3m3vFk1dnCzZnwT8k489Jy",
          "type": "projectCss",
          "checksum": "e1ec850476829c38b0f9b6d4f7ac446a"
        }
      ],
      "codegenVersion": "0.0.1"
    },
    {
      "projectId": "xp1p7dmg329XVLHyuEUxD2",
      "version": "11.32.0",
      "dependencies": {},
      "lang": "ts",
      "fileLocks": [
        {
          "assetId": "xp1p7dmg329XVLHyuEUxD2",
          "type": "projectCss",
          "checksum": "1b891cf9539f1db972dc4163ae1172e9"
        }
      ],
      "codegenVersion": "0.0.1"
    },
    {
      "projectId": "r3ASNrnyvLLLAtDvzUioQ",
      "version": "4.5.0",
      "dependencies": {},
      "lang": "ts",
      "fileLocks": [
        {
          "assetId": "r3ASNrnyvLLLAtDvzUioQ",
          "type": "projectCss",
          "checksum": "e1ec850476829c38b0f9b6d4f7ac446a"
        }
      ],
      "codegenVersion": "0.0.1"
    },
    {
      "projectId": "jkU633o1Cz7HrJdwdxhVHk",
      "version": "16.10.0",
      "dependencies": {},
      "lang": "ts",
      "fileLocks": [
        {
          "assetId": "jkU633o1Cz7HrJdwdxhVHk",
          "type": "projectCss",
          "checksum": "0581d4378bb1604bb5fe3f65bb0a37de"
        }
      ],
      "codegenVersion": "0.0.1"
    },
    {
      "projectId": "sqPBLwEBBKHA2WDuGb17eV",
      "version": "0.12.0",
      "dependencies": {},
      "lang": "ts",
      "fileLocks": [
        {
          "assetId": "sqPBLwEBBKHA2WDuGb17eV",
          "type": "projectCss",
          "checksum": "e1ec850476829c38b0f9b6d4f7ac446a"
        },
        {
          "type": "renderModule",
          "assetId": "5nirPCGmCnRD",
          "checksum": "ee7e08729f1dc171f995cf94e148f481"
        },
        {
          "type": "cssRules",
          "assetId": "5nirPCGmCnRD",
          "checksum": "ee7e08729f1dc171f995cf94e148f481"
        },
        {
          "type": "icon",
          "assetId": "Wyt3GMMsLefj",
          "checksum": "d8c88f04735c43b3f7790b0889d20e0c"
        },
        {
          "type": "icon",
          "assetId": "MbDRsJU0e3bw",
          "checksum": "92672aa6935120ebaac11939d8d127bb"
        }
      ],
      "codegenVersion": "0.0.1"
    },
    {
      "projectId": "ohDidvG9XsCeFumugENU3J",
      "version": "6.24.0",
      "dependencies": {},
      "lang": "ts",
      "fileLocks": [
        {
          "assetId": "ohDidvG9XsCeFumugENU3J",
          "type": "projectCss",
          "checksum": "fd83b730367fdbde2c69bc6cf31c2a3c"
        },
        {
          "assetId": "ohDidvG9XsCeFumugENU3J",
          "checksum": "de0a0e65174a6a185a8f822af51c6bdd",
          "type": "globalContexts"
        }
      ],
      "codegenVersion": "0.0.1"
    },
    {
      "projectId": "7nJ7UcFmq9UzB6eXfC5z4a",
      "version": "0.28.0",
      "dependencies": {},
      "lang": "ts",
      "fileLocks": [
        {
          "assetId": "7nJ7UcFmq9UzB6eXfC5z4a",
          "type": "projectCss",
          "checksum": "05587b57f22f0ec8bb54543deb39762e"
        }
      ],
      "codegenVersion": "0.0.1"
    },
    {
      "projectId": "5RiFpwPZc2Ux6gBUCfunxc",
      "version": "latest",
      "dependencies": {
        "7nJ7UcFmq9UzB6eXfC5z4a": "0.28.0",
        "ohDidvG9XsCeFumugENU3J": "6.24.0",
        "sqPBLwEBBKHA2WDuGb17eV": "0.12.0",
        "jkU633o1Cz7HrJdwdxhVHk": "16.10.0",
        "r3ASNrnyvLLLAtDvzUioQ": "4.5.0",
        "xp1p7dmg329XVLHyuEUxD2": "11.32.0",
        "3m3vFk1dnCzZnwT8k489Jy": "0.3.0"
      },
      "lang": "ts",
      "fileLocks": [
        {
          "type": "globalVariant",
          "assetId": "5I_bvFMcLfRF",
          "checksum": "27bab7f48b6da82a760ecec0585dd79e"
        },
        {
          "type": "globalVariant",
          "assetId": "pQjhaJ-jelU4",
          "checksum": "66e7ac446a1b31266a74955beea458ed"
        },
        {
          "assetId": "5RiFpwPZc2Ux6gBUCfunxc",
          "type": "projectCss",
          "checksum": "bab2913f3cafd430ab735b0192ea8596"
        },
        {
          "assetId": "5RiFpwPZc2Ux6gBUCfunxc",
          "checksum": "759ae7879779fe53c27bb4ebe2c403a6",
          "type": "globalContexts"
        },
        {
          "type": "renderModule",
          "assetId": "GhZzV6fsw_HE",
          "checksum": "cdd2e3a505865c486680667fcd251a94"
        },
        {
          "type": "cssRules",
          "assetId": "GhZzV6fsw_HE",
          "checksum": "cdd2e3a505865c486680667fcd251a94"
        },
        {
          "type": "renderModule",
          "assetId": "K1lRaOVytAZw",
          "checksum": "a0eeebcb12bce2ee69e9e3103104feb0"
        },
        {
          "type": "cssRules",
          "assetId": "K1lRaOVytAZw",
          "checksum": "a0eeebcb12bce2ee69e9e3103104feb0"
        },
        {
          "type": "renderModule",
          "assetId": "1r6uaKWmO0wZ",
          "checksum": "7d69745661e4fef945b33c8265cca035"
        },
        {
          "type": "cssRules",
          "assetId": "1r6uaKWmO0wZ",
          "checksum": "7d69745661e4fef945b33c8265cca035"
        },
        {
          "type": "renderModule",
          "assetId": "7BMeq4z7zmfO",
          "checksum": "3e54fcfbbfc369bdf3b113f31d5b85d7"
        },
        {
          "type": "cssRules",
          "assetId": "7BMeq4z7zmfO",
          "checksum": "3e54fcfbbfc369bdf3b113f31d5b85d7"
        },
        {
          "type": "renderModule",
          "assetId": "fRobOPq7Dpvn",
          "checksum": "f7a86e1627e62f325d00a4b6ac894c87"
        },
        {
          "type": "cssRules",
          "assetId": "fRobOPq7Dpvn",
          "checksum": "f7a86e1627e62f325d00a4b6ac894c87"
        },
        {
          "type": "renderModule",
          "assetId": "0-OmNRgWAO0e",
          "checksum": "ad8e2591a874d5610dfcede6a0c354c7"
        },
        {
          "type": "cssRules",
          "assetId": "0-OmNRgWAO0e",
          "checksum": "ad8e2591a874d5610dfcede6a0c354c7"
        },
        {
          "type": "renderModule",
          "assetId": "Yf234i2zrodn",
          "checksum": "06d3b61ba571d73e061c416b96bd8f3f"
        },
        {
          "type": "cssRules",
          "assetId": "Yf234i2zrodn",
          "checksum": "06d3b61ba571d73e061c416b96bd8f3f"
        },
        {
          "type": "renderModule",
          "assetId": "vNKnVuMZa9sL",
          "checksum": "7053681535ae8c98daa3a11dbbbd2d9f"
        },
        {
          "type": "cssRules",
          "assetId": "vNKnVuMZa9sL",
          "checksum": "7053681535ae8c98daa3a11dbbbd2d9f"
        },
        {
          "type": "renderModule",
          "assetId": "tW2U1fy_zwg8",
          "checksum": "378b7eb0e53e0fb80f6bbefe243b7abc"
        },
        {
          "type": "cssRules",
          "assetId": "tW2U1fy_zwg8",
          "checksum": "378b7eb0e53e0fb80f6bbefe243b7abc"
        },
        {
          "type": "renderModule",
          "assetId": "RAs3CXxcw7yL",
          "checksum": "1aa9f610091ff664fb0cf25082a26050"
        },
        {
          "type": "cssRules",
          "assetId": "RAs3CXxcw7yL",
          "checksum": "1aa9f610091ff664fb0cf25082a26050"
        },
        {
          "type": "renderModule",
          "assetId": "u78mgfCwPbxj",
          "checksum": "119b99c06ce6c39f820b156d9dd7cf0c"
        },
        {
          "type": "cssRules",
          "assetId": "u78mgfCwPbxj",
          "checksum": "119b99c06ce6c39f820b156d9dd7cf0c"
        },
        {
          "type": "renderModule",
          "assetId": "tU3xd5cce-Cp",
          "checksum": "a743986ba2e6e3fd5ae0bd9464c28245"
        },
        {
          "type": "cssRules",
          "assetId": "tU3xd5cce-Cp",
          "checksum": "a743986ba2e6e3fd5ae0bd9464c28245"
        },
        {
          "type": "renderModule",
          "assetId": "HcrFaXnDMr2A",
          "checksum": "7dcbf3474841dbcdb98d826c378201ff"
        },
        {
          "type": "cssRules",
          "assetId": "HcrFaXnDMr2A",
          "checksum": "7dcbf3474841dbcdb98d826c378201ff"
        },
        {
          "type": "renderModule",
          "assetId": "5-lgTWEvw2Is",
          "checksum": "12aec6911df348be32dd8588f9bc3d9c"
        },
        {
          "type": "cssRules",
          "assetId": "5-lgTWEvw2Is",
          "checksum": "12aec6911df348be32dd8588f9bc3d9c"
        },
        {
          "type": "renderModule",
          "assetId": "LsO8TVomBpkS",
          "checksum": "ca0dc3eada9869bcd4749a12e55f8e4e"
        },
        {
          "type": "cssRules",
          "assetId": "LsO8TVomBpkS",
          "checksum": "ca0dc3eada9869bcd4749a12e55f8e4e"
        },
        {
          "type": "renderModule",
          "assetId": "5z_cK2GH5C_7",
          "checksum": "0228be8b45ca291327ff301a6208c2ef"
        },
        {
          "type": "cssRules",
          "assetId": "5z_cK2GH5C_7",
          "checksum": "0228be8b45ca291327ff301a6208c2ef"
        },
        {
          "type": "renderModule",
          "assetId": "Vj21mNHvgR1L",
          "checksum": "c97efc0457943044c7df724846c437b7"
        },
        {
          "type": "cssRules",
          "assetId": "Vj21mNHvgR1L",
          "checksum": "c97efc0457943044c7df724846c437b7"
        },
        {
          "type": "renderModule",
          "assetId": "RgK5DySIFbBw",
          "checksum": "c79ceec2e4ab39e7d426ae0e12350631"
        },
        {
          "type": "cssRules",
          "assetId": "RgK5DySIFbBw",
          "checksum": "c79ceec2e4ab39e7d426ae0e12350631"
        },
        {
          "type": "renderModule",
          "assetId": "Ms6td--yDRuI",
          "checksum": "f100c0303132457952247ba305aac2a4"
        },
        {
          "type": "cssRules",
          "assetId": "Ms6td--yDRuI",
          "checksum": "f100c0303132457952247ba305aac2a4"
        },
        {
          "type": "renderModule",
          "assetId": "FOq5JVKFViXO",
          "checksum": "0d3e3e8b148d05d6f282354413b9db0b"
        },
        {
          "type": "cssRules",
          "assetId": "FOq5JVKFViXO",
          "checksum": "0d3e3e8b148d05d6f282354413b9db0b"
        },
        {
          "type": "renderModule",
          "assetId": "jIAiTDIbpPgP",
          "checksum": "900959d07db5239d8c056d66f4abbfd8"
        },
        {
          "type": "cssRules",
          "assetId": "jIAiTDIbpPgP",
          "checksum": "900959d07db5239d8c056d66f4abbfd8"
        },
        {
          "type": "renderModule",
          "assetId": "xe2y8r6l3Rab",
          "checksum": "f263cdc131c2ef02be5461d918b00181"
        },
        {
          "type": "cssRules",
          "assetId": "xe2y8r6l3Rab",
          "checksum": "f263cdc131c2ef02be5461d918b00181"
        },
        {
          "type": "renderModule",
          "assetId": "WWcujcfrx5_C",
          "checksum": "0c50216f78945644231be291acb3b46e"
        },
        {
          "type": "cssRules",
          "assetId": "WWcujcfrx5_C",
          "checksum": "0c50216f78945644231be291acb3b46e"
        },
        {
          "type": "icon",
          "assetId": "eYi9E-VIhoCf",
          "checksum": "e89bc4fa1784cfa4515af622a3904076"
        },
        {
          "type": "icon",
          "assetId": "s1EkJXkJAaVo",
          "checksum": "d443c7ec1fa279724e1eaba3e2cb4719"
        },
        {
          "type": "icon",
          "assetId": "FB3zqLxUx0_-",
          "checksum": "da4cb06d3c554c487f4092714bfb7b67"
        },
        {
          "type": "icon",
          "assetId": "L4KiP5GOmTFl",
          "checksum": "35c6bb1550e82f6e36cfdecdfbb3f307"
        },
        {
          "type": "icon",
          "assetId": "Nl0pNAPfGMi0",
          "checksum": "efe2ce0f526b053b2c4fe758041f30ac"
        },
        {
          "type": "icon",
          "assetId": "r2KIHgquH71_",
          "checksum": "e7796215d5c45c7fe005e341e1a64810"
        },
        {
          "type": "icon",
          "assetId": "Ls0iu62eS39w",
          "checksum": "0c8749538cd3d4abfaa71b6d59f33860"
        },
        {
          "type": "icon",
          "assetId": "Lhd_P-gC5rwq",
          "checksum": "e9a869090c7e63dcc352553292f606bb"
        },
        {
          "type": "icon",
          "assetId": "gkNj7lYQnTKR",
          "checksum": "82380295ea4121acb6325fd52ddff2c7"
        },
        {
          "type": "icon",
          "assetId": "jdB4fXlxoY3k",
          "checksum": "b716249e5f7e531e3ff51d2c00391267"
        },
        {
          "type": "icon",
          "assetId": "jRtif7tfWA5U",
          "checksum": "1e4607452a48d7660cb5fbb1c24353c9"
        },
        {
          "type": "icon",
          "assetId": "y72UWi8USQJ7",
          "checksum": "bc43597422b798e8db7e195e4f8c53b9"
        },
        {
          "type": "icon",
          "assetId": "ZY1-CKlzfwTt",
          "checksum": "37ad9d05e169a14e1fd899d6697f3e3b"
        },
        {
          "type": "icon",
          "assetId": "vLpt9sLvpdYV",
          "checksum": "55fc8e26a7b5d4b3140f52e0139cefdf"
        },
        {
          "type": "icon",
          "assetId": "NwyEqTV5Ic1L",
          "checksum": "53d1bae94d1096edad736ff945bd0b3a"
        },
        {
          "type": "icon",
          "assetId": "E-4YI5VhjhFg",
          "checksum": "75aff25eaaea9837dc01685593e54ddf"
        },
        {
          "type": "icon",
          "assetId": "D6Xd2OqpSu2W",
          "checksum": "56900f7aa7e1470dac82d20dd70faacc"
        },
        {
          "type": "icon",
          "assetId": "relZUJdsFKFV",
          "checksum": "d15b6ab96ec39f0a79eae656f72811d3"
        },
        {
          "type": "icon",
          "assetId": "Mg3hhpDx8mEs",
          "checksum": "ab1ef6406218fab2c40c564813b34866"
        },
        {
          "type": "icon",
          "assetId": "A0XVRyaSexGN",
          "checksum": "012a40061d3a78b0c70fa3857b83a251"
        },
        {
          "type": "icon",
          "assetId": "NTXG9vR19-b1",
          "checksum": "1daf073619d26713dd9328a9830497dc"
        },
        {
          "type": "icon",
          "assetId": "XzYN7an9PwFd",
          "checksum": "fc9925a218404e47ffd5115f5158464a"
        },
        {
          "type": "icon",
          "assetId": "PrdEPozKRIsa",
          "checksum": "4fddde248d7d1d35c7fb0752e8cd9e96"
        },
        {
          "type": "icon",
          "assetId": "9KdmNr08-8s0",
          "checksum": "4cf44376c638cae947c9a10df6b1da9e"
        },
        {
          "type": "icon",
          "assetId": "ooV-W9Q2RuWT",
          "checksum": "2bd2f3c80d8ae1097385f0f096de3d94"
        },
        {
          "type": "icon",
          "assetId": "j7j0BDLSARTb",
          "checksum": "deb3f448ad2d7e7489be687ebd2cd8e2"
        },
        {
          "type": "icon",
          "assetId": "L2Cv-nyYoozH",
          "checksum": "62cfacc20eab20693a663238f0e675d0"
        },
        {
          "type": "icon",
          "assetId": "ShJjQkc9YFlc",
          "checksum": "6590b5fdb56805856fc67c771cc6d288"
        },
        {
          "type": "icon",
          "assetId": "zDrUs6m16H1p",
          "checksum": "087dfd3358942f26e794158655f0e83e"
        },
        {
          "type": "icon",
          "assetId": "vuuHZnxQPK7p",
          "checksum": "b10881ca2ba63a996368ca39d5a7abed"
        },
        {
          "type": "icon",
          "assetId": "6DpiBuKTtmBQ",
          "checksum": "754a5eb2c00cc3bb831f65d55ae7d670"
        },
        {
          "type": "icon",
          "assetId": "uZlsOIjGJJRw",
          "checksum": "dfebf5d8038e1e52ee188bdcd22108e3"
        },
        {
          "type": "icon",
          "assetId": "zHwnPqweqx8k",
          "checksum": "f6824ef104b846c1d76e6c61930e35d5"
        },
        {
          "type": "icon",
          "assetId": "RGNHpVHhDdWC",
          "checksum": "50a63bbeaca8fa033b12d75bee5a70fc"
        },
        {
          "type": "icon",
          "assetId": "mjb3wMhXJz8e",
          "checksum": "55ca30d84659906a8507a059e5d06654"
        },
        {
          "type": "icon",
          "assetId": "Dfxl4bJ1Oat0",
          "checksum": "fc9f8b77b6c8fe8c016667fd0bdf93a5"
        },
        {
          "type": "icon",
          "assetId": "zZWi-yBvGnGI",
          "checksum": "ec00cfcaeb9929b43abee6596f80dbda"
        },
        {
          "type": "icon",
          "assetId": "XY4Ilk7bXfwN",
          "checksum": "7cdd45340a0e6c80fab17a1d4559a891"
        },
        {
          "type": "icon",
          "assetId": "DyIVaN116zmA",
          "checksum": "54a1a489ba95bcb1f44c0f516e017b2f"
        },
        {
          "type": "icon",
          "assetId": "HxbuZHJzwoMQ",
          "checksum": "9013cf6ce8845434ce73e04100ebe7c2"
        },
        {
          "type": "icon",
          "assetId": "3FS5EL3GWVFd",
          "checksum": "5c1a0451e679730fbc5a2a4988ee9cc6"
        },
        {
          "type": "icon",
          "assetId": "fvWV51lKBrSE",
          "checksum": "3e6aac98e6ab13f34f5071d040a976a3"
        },
        {
          "type": "icon",
          "assetId": "OAW5i-3yvrYK",
          "checksum": "72eac6a70c8e0c5b65756e68b863a481"
        },
        {
          "type": "icon",
          "assetId": "XAzxV4byF-t5",
          "checksum": "0d938908e6dbb28c5010962f71aeabd5"
        },
        {
          "type": "icon",
          "assetId": "WAigWzvTxqn6",
          "checksum": "7b64bb0c97526c6fe561e52629f16129"
        },
        {
          "type": "icon",
          "assetId": "wKQXpO7uajEW",
          "checksum": "ce05d82efe3f84c70cb154fcdd226dda"
        },
        {
          "type": "icon",
          "assetId": "T0zNf3cXi8vD",
          "checksum": "b96d599d57599665722ff0f3f5631be7"
        },
        {
          "type": "icon",
          "assetId": "RhvQAV1IFHu_",
          "checksum": "61a7b36b99621eb96b55a25fd53b06d3"
        },
        {
          "type": "icon",
          "assetId": "MMEpRek43dYC",
          "checksum": "82b1f9684faec5b9b44d2c570200da9a"
        },
        {
          "type": "icon",
          "assetId": "K6PFZ2HCeCMM",
          "checksum": "e8a449dd9b240900485ea29c5d590806"
        },
        {
          "type": "icon",
          "assetId": "vQWRNZO9wJpm",
          "checksum": "d2ae292c65345e4c05b64611276f53ea"
        },
        {
          "type": "icon",
          "assetId": "yf36hb-OnQ5d",
          "checksum": "d37789273d9e626c785bbeb65d168ad6"
        },
        {
          "type": "icon",
          "assetId": "oAS7tvuG9j5v",
          "checksum": "38607221b2c54f1b8b43303416642c2e"
        },
        {
          "type": "icon",
          "assetId": "-ZenoTZDiMSz",
          "checksum": "a702b936a195f95ecf2b44edc379e908"
        },
        {
          "type": "icon",
          "assetId": "-NOfVoSGDMbz",
          "checksum": "971d896f24c68489fab3904b3effb51a"
        },
        {
          "type": "icon",
          "assetId": "gGHTlqcnQind",
          "checksum": "4685b380e5ee038a0f0df9653e77f04c"
        },
        {
          "type": "image",
          "assetId": "Y0SHyQsYk9sQ",
          "checksum": "cd264d84818acea984e2996fbc1a271a"
        },
        {
          "type": "image",
          "assetId": "jPkECAnTkLGR",
          "checksum": "4d0a142e9ecc70a975eeccef8f32c48c"
        },
        {
          "type": "image",
          "assetId": "gTDatDQjPO6G",
          "checksum": "62529661539c71f87a0299380333f195"
        },
        {
          "type": "image",
          "assetId": "Ub3Z17ufj864",
          "checksum": "23c40274c960649496aafa3277967cf0"
        },
        {
          "type": "image",
          "assetId": "-Z_1wSXQ7hs-",
          "checksum": "475dca74b40afefcc8bcbf4c1dc7204f"
        },
        {
          "type": "image",
          "assetId": "N_kbjxKX27Bb",
          "checksum": "5c7c4b9ecd1a14344ad3025431d6fc9d"
        },
        {
          "type": "image",
          "assetId": "kB3r8LnOCqRJ",
          "checksum": "05b0df9d6f320f6ce0531f3e5a3656d5"
        },
        {
          "type": "image",
          "assetId": "hWiKqpSEWP1U",
          "checksum": "6b3656340391c3bfc4e0ed56f78a08fd"
        },
        {
          "type": "image",
          "assetId": "PUBMTDHoZpk7",
          "checksum": "9023b0ae84b6c5f46a3efacde9f02f9c"
        },
        {
          "type": "image",
          "assetId": "23jdS1vbLFJf",
          "checksum": "3895fa20f3c2e69ef1508bc4113acf1b"
        },
        {
          "type": "image",
          "assetId": "oWLyX9EqdXLk",
          "checksum": "687d7e08d302adaf297e2be91a6e88c5"
        },
        {
          "type": "image",
          "assetId": "zdD9eGDsyMl4",
          "checksum": "58f94f4224aad4dbffd40bc112c1addd"
        }
      ],
      "codegenVersion": "0.0.1"
    }
  ],
  "cliVersion": "0.1.330"
}
